
Microsoft Visual Studio Solution File, Format Version 12.00
# Visual Studio 15
VisualStudioVersion = 15.0.26730.16
MinimumVisualStudioVersion = 10.0.40219.1
Project("{FAE04EC0-301F-11D3-BF4B-00C04F79EFBC}") = "GetMax", "GetMax\GetMax.csproj", "{50234BF6-B7E3-4EEC-9EC4-14FD29B79553}"
EndProject
Project("{FAE04EC0-301F-11D3-BF4B-00C04F79EFBC}") = "GeometryCalculator", "GeometryCalculator\GeometryCalculator.csproj", "{05DE66EC-C542-4226-9138-47D4CD0135F2}"
EndProject
Global
	GlobalSection(SolutionConfigurationPlatforms) = preSolution
		Debug|Any CPU = Debug|Any CPU
		Release|Any CPU = Release|Any CPU
	EndGlobalSection
	GlobalSection(ProjectConfigurationPlatforms) = postSolution
		{50234BF6-B7E3-4EEC-9EC4-14FD29B79553}.Debug|Any CPU.ActiveCfg = Debug|Any CPU
		{50234BF6-B7E3-4EEC-9EC4-14FD29B79553}.Debug|Any CPU.Build.0 = Debug|Any CPU
		{50234BF6-B7E3-4EEC-9EC4-14FD29B79553}.Release|Any CPU.ActiveCfg = Release|Any CPU
		{50234BF6-B7E3-4EEC-9EC4-14FD29B79553}.Release|Any CPU.Build.0 = Release|Any CPU
		{05DE66EC-C542-4226-9138-47D4CD0135F2}.Debug|Any CPU.ActiveCfg = Debug|Any CPU
		{05DE66EC-C542-4226-9138-47D4CD0135F2}.Debug|Any CPU.Build.0 = Debug|Any CPU
		{05DE66EC-C542-4226-9138-47D4CD0135F2}.Release|Any CPU.ActiveCfg = Release|Any CPU
		{05DE66EC-C542-4226-9138-47D4CD0135F2}.Release|Any CPU.Build.0 = Release|Any CPU
	EndGlobalSection
	GlobalSection(SolutionProperties) = preSolution
		HideSolutionNode = FALSE
	EndGlobalSection
	GlobalSection(ExtensibilityGlobals) = postSolution
		SolutionGuid = {79B3D709-CCCC-4498-9AC1-BD9FA7A27903}
	EndGlobalSection
EndGlobal
